
Microsoft Visual Studio Solution File, Format Version 12.00
# Visual Studio Version 17
VisualStudioVersion = 17.14.36811.4 d17.14
MinimumVisualStudioVersion = 10.0.40219.1
Project("{FAE04EC0-301F-11D3-BF4B-00C04F79EFBC}") = "Auth", "Auth.csproj", "{4F24F820-EF4D-4A33-B0FF-BDB2CA50C300}"
EndProject
Global
	GlobalSection(SolutionConfigurationPlatforms) = preSolution
		Debug|Any CPU = Debug|Any CPU
		Release|Any CPU = Release|Any CPU
	EndGlobalSection
	GlobalSection(ProjectConfigurationPlatforms) = postSolution
		{4F24F820-EF4D-4A33-B0FF-BDB2CA50C300}.Debug|Any CPU.ActiveCfg = Debug|Any CPU
		{4F24F820-EF4D-4A33-B0FF-BDB2CA50C300}.Debug|Any CPU.Build.0 = Debug|Any CPU
		{4F24F820-EF4D-4A33-B0FF-BDB2CA50C300}.Release|Any CPU.ActiveCfg = Release|Any CPU
		{4F24F820-EF4D-4A33-B0FF-BDB2CA50C300}.Release|Any CPU.Build.0 = Release|Any CPU
	EndGlobalSection
	GlobalSection(SolutionProperties) = preSolution
		HideSolutionNode = FALSE
	EndGlobalSection
	GlobalSection(ExtensibilityGlobals) = postSolution
		SolutionGuid = {11D12D15-74EF-4102-B50D-9533CBCE1393}
	EndGlobalSection
EndGlobal
